
Microsoft Visual Studio Solution File, Format Version 12.00
# Visual Studio 15
VisualStudioVersion = 15.0.28306.52
MinimumVisualStudioVersion = 10.0.40219.1
Project("{9A19103F-16F7-4668-BE54-9A1E7A4F7556}") = "IMPL", "IMPL\IMPL.csproj", "{FEE6F3B7-A490-4104-96D9-B4D83B31EC54}"
EndProject
Global
	GlobalSection(SolutionConfigurationPlatforms) = preSolution
		Debug|Any CPU = Debug|Any CPU
		Release|Any CPU = Release|Any CPU
	EndGlobalSection
	GlobalSection(ProjectConfigurationPlatforms) = postSolution
		{FEE6F3B7-A490-4104-96D9-B4D83B31EC54}.Debug|Any CPU.ActiveCfg = Debug|Any CPU
		{FEE6F3B7-A490-4104-96D9-B4D83B31EC54}.Debug|Any CPU.Build.0 = Debug|Any CPU
		{FEE6F3B7-A490-4104-96D9-B4D83B31EC54}.Release|Any CPU.ActiveCfg = Release|Any CPU
		{FEE6F3B7-A490-4104-96D9-B4D83B31EC54}.Release|Any CPU.Build.0 = Release|Any CPU
	EndGlobalSection
	GlobalSection(SolutionProperties) = preSolution
		HideSolutionNode = FALSE
	EndGlobalSection
	GlobalSection(ExtensibilityGlobals) = postSolution
		SolutionGuid = {A2906690-7F21-4A6F-B74F-B74174E06883}
	EndGlobalSection
EndGlobal
